
Microsoft Visual Studio Solution File, Format Version 12.00
# Visual Studio Version 16
VisualStudioVersion = 16.0.31702.278
MinimumVisualStudioVersion = 10.0.40219.1
Project("{FAE04EC0-301F-11D3-BF4B-00C04F79EFBC}") = "Swapi", "Swapi.csproj", "{DFCD05D8-4F4D-4BC6-9BF4-F7CCADC161CB}"
EndProject
Global
	GlobalSection(SolutionConfigurationPlatforms) = preSolution
		Debug|Any CPU = Debug|Any CPU
		Release|Any CPU = Release|Any CPU
	EndGlobalSection
	GlobalSection(ProjectConfigurationPlatforms) = postSolution
		{DFCD05D8-4F4D-4BC6-9BF4-F7CCADC161CB}.Debug|Any CPU.ActiveCfg = Debug|Any CPU
		{DFCD05D8-4F4D-4BC6-9BF4-F7CCADC161CB}.Debug|Any CPU.Build.0 = Debug|Any CPU
		{DFCD05D8-4F4D-4BC6-9BF4-F7CCADC161CB}.Release|Any CPU.ActiveCfg = Release|Any CPU
		{DFCD05D8-4F4D-4BC6-9BF4-F7CCADC161CB}.Release|Any CPU.Build.0 = Release|Any CPU
	EndGlobalSection
	GlobalSection(SolutionProperties) = preSolution
		HideSolutionNode = FALSE
	EndGlobalSection
	GlobalSection(ExtensibilityGlobals) = postSolution
		SolutionGuid = {543D7EEC-7A92-49CE-B1F8-C764135A8BAE}
	EndGlobalSection
EndGlobal
